
Microsoft Visual Studio Solution File, Format Version 12.00
# Visual Studio 15
VisualStudioVersion = 15.0.33026.149
MinimumVisualStudioVersion = 10.0.40219.1
Project("{FAE04EC0-301F-11D3-BF4B-00C04F79EFBC}") = "code.id.Test-AXA", "code.id.Test-AXA\code.id.Test-AXA.csproj", "{EE01E3FB-6086-4BDE-8183-620792ADADAB}"
EndProject
Global
	GlobalSection(SolutionConfigurationPlatforms) = preSolution
		Debug|Any CPU = Debug|Any CPU
		Release|Any CPU = Release|Any CPU
	EndGlobalSection
	GlobalSection(ProjectConfigurationPlatforms) = postSolution
		{EE01E3FB-6086-4BDE-8183-620792ADADAB}.Debug|Any CPU.ActiveCfg = Debug|Any CPU
		{EE01E3FB-6086-4BDE-8183-620792ADADAB}.Debug|Any CPU.Build.0 = Debug|Any CPU
		{EE01E3FB-6086-4BDE-8183-620792ADADAB}.Release|Any CPU.ActiveCfg = Release|Any CPU
		{EE01E3FB-6086-4BDE-8183-620792ADADAB}.Release|Any CPU.Build.0 = Release|Any CPU
	EndGlobalSection
	GlobalSection(SolutionProperties) = preSolution
		HideSolutionNode = FALSE
	EndGlobalSection
	GlobalSection(ExtensibilityGlobals) = postSolution
		SolutionGuid = {C469BF6D-9DE9-4798-8E23-D51453C693DC}
	EndGlobalSection
EndGlobal
